
Microsoft Visual Studio Solution File, Format Version 12.00
# Visual Studio 15
VisualStudioVersion = 15.0.27703.2026
MinimumVisualStudioVersion = 10.0.40219.1
Project("{FAE04EC0-301F-11D3-BF4B-00C04F79EFBC}") = "SalesXn.Android", "SalesXn\SalesXn.Android\SalesXn.Android.csproj", "{81086B79-D0C1-4328-9B80-5400A7A95F96}"
EndProject
Project("{FAE04EC0-301F-11D3-BF4B-00C04F79EFBC}") = "SalesXn.iOS", "SalesXn\SalesXn.iOS\SalesXn.iOS.csproj", "{8485BF1A-9FCE-4823-BE9D-FAD15DC285AD}"
EndProject
Project("{FAE04EC0-301F-11D3-BF4B-00C04F79EFBC}") = "SalesXn", "SalesXn\SalesXn\SalesXn.csproj", "{A0E9707F-1980-44AC-ABA5-039E565EB3E5}"
EndProject
Project("{FAE04EC0-301F-11D3-BF4B-00C04F79EFBC}") = "SalesBackend", "SalesBackend\SalesBackend.csproj", "{7364F9A2-4B33-42CC-A933-C46819BE46C4}"
EndProject
Project("{FAE04EC0-301F-11D3-BF4B-00C04F79EFBC}") = "SalesWS", "SalesWS\SalesWS.csproj", "{D5E1EC7A-E655-43F1-A99E-D2FBD529D065}"
EndProject
Global
	GlobalSection(SolutionConfigurationPlatforms) = preSolution
		Ad-Hoc|Any CPU = Ad-Hoc|Any CPU
		Ad-Hoc|iPhone = Ad-Hoc|iPhone
		Ad-Hoc|iPhoneSimulator = Ad-Hoc|iPhoneSimulator
		AppStore|Any CPU = AppStore|Any CPU
		AppStore|iPhone = AppStore|iPhone
		AppStore|iPhoneSimulator = AppStore|iPhoneSimulator
		Debug|Any CPU = Debug|Any CPU
		Debug|iPhone = Debug|iPhone
		Debug|iPhoneSimulator = Debug|iPhoneSimulator
		Release|Any CPU = Release|Any CPU
		Release|iPhone = Release|iPhone
		Release|iPhoneSimulator = Release|iPhoneSimulator
	EndGlobalSection
	GlobalSection(ProjectConfigurationPlatforms) = postSolution
		{81086B79-D0C1-4328-9B80-5400A7A95F96}.Ad-Hoc|Any CPU.ActiveCfg = Release|Any CPU
		{81086B79-D0C1-4328-9B80-5400A7A95F96}.Ad-Hoc|Any CPU.Build.0 = Release|Any CPU
		{81086B79-D0C1-4328-9B80-5400A7A95F96}.Ad-Hoc|Any CPU.Deploy.0 = Release|Any CPU
		{81086B79-D0C1-4328-9B80-5400A7A95F96}.Ad-Hoc|iPhone.ActiveCfg = Release|Any CPU
		{81086B79-D0C1-4328-9B80-5400A7A95F96}.Ad-Hoc|iPhone.Build.0 = Release|Any CPU
		{81086B79-D0C1-4328-9B80-5400A7A95F96}.Ad-Hoc|iPhone.Deploy.0 = Release|Any CPU
		{81086B79-D0C1-4328-9B80-5400A7A95F96}.Ad-Hoc|iPhoneSimulator.ActiveCfg = Release|Any CPU
		{81086B79-D0C1-4328-9B80-5400A7A95F96}.Ad-Hoc|iPhoneSimulator.Build.0 = Release|Any CPU
		{81086B79-D0C1-4328-9B80-5400A7A95F96}.Ad-Hoc|iPhoneSimulator.Deploy.0 = Release|Any CPU
		{81086B79-D0C1-4328-9B80-5400A7A95F96}.AppStore|Any CPU.ActiveCfg = Release|Any CPU
		{81086B79-D0C1-4328-9B80-5400A7A95F96}.AppStore|Any CPU.Build.0 = Release|Any CPU
		{81086B79-D0C1-4328-9B80-5400A7A95F96}.AppStore|Any CPU.Deploy.0 = Release|Any CPU
		{81086B79-D0C1-4328-9B80-5400A7A95F96}.AppStore|iPhone.ActiveCfg = Release|Any CPU
		{81086B79-D0C1-4328-9B80-5400A7A95F96}.AppStore|iPhone.Build.0 = Release|Any CPU
		{81086B79-D0C1-4328-9B80-5400A7A95F96}.AppStore|iPhone.Deploy.0 = Release|Any CPU
		{81086B79-D0C1-4328-9B80-5400A7A95F96}.AppStore|iPhoneSimulator.ActiveCfg = Release|Any CPU
		{81086B79-D0C1-4328-9B80-5400A7A95F96}.AppStore|iPhoneSimulator.Build.0 = Release|Any CPU
		{81086B79-D0C1-4328-9B80-5400A7A95F96}.AppStore|iPhoneSimulator.Deploy.0 = Release|Any CPU
		{81086B79-D0C1-4328-9B80-5400A7A95F96}.Debug|Any CPU.ActiveCfg = Debug|Any CPU
		{81086B79-D0C1-4328-9B80-5400A7A95F96}.Debug|Any CPU.Build.0 = Debug|Any CPU
		{81086B79-D0C1-4328-9B80-5400A7A95F96}.Debug|Any CPU.Deploy.0 = Debug|Any CPU
		{81086B79-D0C1-4328-9B80-5400A7A95F96}.Debug|iPhone.ActiveCfg = Debug|Any CPU
		{81086B79-D0C1-4328-9B80-5400A7A95F96}.Debug|iPhone.Build.0 = Debug|Any CPU
		{81086B79-D0C1-4328-9B80-5400A7A95F96}.Debug|iPhone.Deploy.0 = Debug|Any CPU
		{81086B79-D0C1-4328-9B80-5400A7A95F96}.Debug|iPhoneSimulator.ActiveCfg = Debug|Any CPU
		{81086B79-D0C1-4328-9B80-5400A7A95F96}.Debug|iPhoneSimulator.Build.0 = Debug|Any CPU
		{81086B79-D0C1-4328-9B80-5400A7A95F96}.Debug|iPhoneSimulator.Deploy.0 = Debug|Any CPU
		{81086B79-D0C1-4328-9B80-5400A7A95F96}.Release|Any CPU.ActiveCfg = Release|Any CPU
		{81086B79-D0C1-4328-9B80-5400A7A95F96}.Release|Any CPU.Build.0 = Release|Any CPU
		{81086B79-D0C1-4328-9B80-5400A7A95F96}.Release|Any CPU.Deploy.0 = Release|Any CPU
		{81086B79-D0C1-4328-9B80-5400A7A95F96}.Release|iPhone.ActiveCfg = Release|Any CPU
		{81086B79-D0C1-4328-9B80-5400A7A95F96}.Release|iPhone.Build.0 = Release|Any CPU
		{81086B79-D0C1-4328-9B80-5400A7A95F96}.Release|iPhone.Deploy.0 = Release|Any CPU
		{81086B79-D0C1-4328-9B80-5400A7A95F96}.Release|iPhoneSimulator.ActiveCfg = Release|Any CPU
		{81086B79-D0C1-4328-9B80-5400A7A95F96}.Release|iPhoneSimulator.Build.0 = Release|Any CPU
		{81086B79-D0C1-4328-9B80-5400A7A95F96}.Release|iPhoneSimulator.Deploy.0 = Release|Any CPU
		{8485BF1A-9FCE-4823-BE9D-FAD15DC285AD}.Ad-Hoc|Any CPU.ActiveCfg = Ad-Hoc|iPhone
		{8485BF1A-9FCE-4823-BE9D-FAD15DC285AD}.Ad-Hoc|Any CPU.Build.0 = Ad-Hoc|iPhone
		{8485BF1A-9FCE-4823-BE9D-FAD15DC285AD}.Ad-Hoc|Any CPU.Deploy.0 = Ad-Hoc|iPhone
		{8485BF1A-9FCE-4823-BE9D-FAD15DC285AD}.Ad-Hoc|iPhone.ActiveCfg = Ad-Hoc|iPhone
		{8485BF1A-9FCE-4823-BE9D-FAD15DC285AD}.Ad-Hoc|iPhone.Build.0 = Ad-Hoc|iPhone
		{8485BF1A-9FCE-4823-BE9D-FAD15DC285AD}.Ad-Hoc|iPhone.Deploy.0 = Ad-Hoc|iPhone
		{8485BF1A-9FCE-4823-BE9D-FAD15DC285AD}.Ad-Hoc|iPhoneSimulator.ActiveCfg = Ad-Hoc|iPhoneSimulator
		{8485BF1A-9FCE-4823-BE9D-FAD15DC285AD}.Ad-Hoc|iPhoneSimulator.Build.0 = Ad-Hoc|iPhoneSimulator
		{8485BF1A-9FCE-4823-BE9D-FAD15DC285AD}.Ad-Hoc|iPhoneSimulator.Deploy.0 = Ad-Hoc|iPhoneSimulator
		{8485BF1A-9FCE-4823-BE9D-FAD15DC285AD}.AppStore|Any CPU.ActiveCfg = AppStore|iPhone
		{8485BF1A-9FCE-4823-BE9D-FAD15DC285AD}.AppStore|Any CPU.Build.0 = AppStore|iPhone
		{8485BF1A-9FCE-4823-BE9D-FAD15DC285AD}.AppStore|Any CPU.Deploy.0 = AppStore|iPhone
		{8485BF1A-9FCE-4823-BE9D-FAD15DC285AD}.AppStore|iPhone.ActiveCfg = AppStore|iPhone
		{8485BF1A-9FCE-4823-BE9D-FAD15DC285AD}.AppStore|iPhone.Build.0 = AppStore|iPhone
		{8485BF1A-9FCE-4823-BE9D-FAD15DC285AD}.AppStore|iPhone.Deploy.0 = AppStore|iPhone
		{8485BF1A-9FCE-4823-BE9D-FAD15DC285AD}.AppStore|iPhoneSimulator.ActiveCfg = AppStore|iPhoneSimulator
		{8485BF1A-9FCE-4823-BE9D-FAD15DC285AD}.AppStore|iPhoneSimulator.Build.0 = AppStore|iPhoneSimulator
		{8485BF1A-9FCE-4823-BE9D-FAD15DC285AD}.AppStore|iPhoneSimulator.Deploy.0 = AppStore|iPhoneSimulator
		{8485BF1A-9FCE-4823-BE9D-FAD15DC285AD}.Debug|Any CPU.ActiveCfg = Debug|iPhoneSimulator
		{8485BF1A-9FCE-4823-BE9D-FAD15DC285AD}.Debug|Any CPU.Build.0 = Debug|iPhoneSimulator
		{8485BF1A-9FCE-4823-BE9D-FAD15DC285AD}.Debug|Any CPU.Deploy.0 = Debug|iPhoneSimulator
		{8485BF1A-9FCE-4823-BE9D-FAD15DC285AD}.Debug|iPhone.ActiveCfg = Debug|iPhone
		{8485BF1A-9FCE-4823-BE9D-FAD15DC285AD}.Debug|iPhone.Build.0 = Debug|iPhone
		{8485BF1A-9FCE-4823-BE9D-FAD15DC285AD}.Debug|iPhone.Deploy.0 = Debug|iPhone
		{8485BF1A-9FCE-4823-BE9D-FAD15DC285AD}.Debug|iPhoneSimulator.ActiveCfg = Debug|iPhoneSimulator
		{8485BF1A-9FCE-4823-BE9D-FAD15DC285AD}.Debug|iPhoneSimulator.Build.0 = Debug|iPhoneSimulator
		{8485BF1A-9FCE-4823-BE9D-FAD15DC285AD}.Debug|iPhoneSimulator.Deploy.0 = Debug|iPhoneSimulator
		{8485BF1A-9FCE-4823-BE9D-FAD15DC285AD}.Release|Any CPU.ActiveCfg = Release|iPhone
		{8485BF1A-9FCE-4823-BE9D-FAD15DC285AD}.Release|Any CPU.Build.0 = Release|iPhone
		{8485BF1A-9FCE-4823-BE9D-FAD15DC285AD}.Release|Any CPU.Deploy.0 = Release|iPhone
		{8485BF1A-9FCE-4823-BE9D-FAD15DC285AD}.Release|iPhone.ActiveCfg = Release|iPhone
		{8485BF1A-9FCE-4823-BE9D-FAD15DC285AD}.Release|iPhone.Build.0 = Release|iPhone
		{8485BF1A-9FCE-4823-BE9D-FAD15DC285AD}.Release|iPhone.Deploy.0 = Release|iPhone
		{8485BF1A-9FCE-4823-BE9D-FAD15DC285AD}.Release|iPhoneSimulator.ActiveCfg = Release|iPhoneSimulator
		{8485BF1A-9FCE-4823-BE9D-FAD15DC285AD}.Release|iPhoneSimulator.Build.0 = Release|iPhoneSimulator
		{8485BF1A-9FCE-4823-BE9D-FAD15DC285AD}.Release|iPhoneSimulator.Deploy.0 = Release|iPhoneSimulator
		{A0E9707F-1980-44AC-ABA5-039E565EB3E5}.Ad-Hoc|Any CPU.ActiveCfg = Debug|Any CPU
		{A0E9707F-1980-44AC-ABA5-039E565EB3E5}.Ad-Hoc|Any CPU.Build.0 = Debug|Any CPU
		{A0E9707F-1980-44AC-ABA5-039E565EB3E5}.Ad-Hoc|Any CPU.Deploy.0 = Debug|Any CPU
		{A0E9707F-1980-44AC-ABA5-039E565EB3E5}.Ad-Hoc|iPhone.ActiveCfg = Debug|Any CPU
		{A0E9707F-1980-44AC-ABA5-039E565EB3E5}.Ad-Hoc|iPhone.Build.0 = Debug|Any CPU
		{A0E9707F-1980-44AC-ABA5-039E565EB3E5}.Ad-Hoc|iPhone.Deploy.0 = Debug|Any CPU
		{A0E9707F-1980-44AC-ABA5-039E565EB3E5}.Ad-Hoc|iPhoneSimulator.ActiveCfg = Debug|Any CPU
		{A0E9707F-1980-44AC-ABA5-039E565EB3E5}.Ad-Hoc|iPhoneSimulator.Build.0 = Debug|Any CPU
		{A0E9707F-1980-44AC-ABA5-039E565EB3E5}.Ad-Hoc|iPhoneSimulator.Deploy.0 = Debug|Any CPU
		{A0E9707F-1980-44AC-ABA5-039E565EB3E5}.AppStore|Any CPU.ActiveCfg = Debug|Any CPU
		{A0E9707F-1980-44AC-ABA5-039E565EB3E5}.AppStore|Any CPU.Build.0 = Debug|Any CPU
		{A0E9707F-1980-44AC-ABA5-039E565EB3E5}.AppStore|Any CPU.Deploy.0 = Debug|Any CPU
		{A0E9707F-1980-44AC-ABA5-039E565EB3E5}.AppStore|iPhone.ActiveCfg = Debug|Any CPU
		{A0E9707F-1980-44AC-ABA5-039E565EB3E5}.AppStore|iPhone.Build.0 = Debug|Any CPU
		{A0E9707F-1980-44AC-ABA5-039E565EB3E5}.AppStore|iPhone.Deploy.0 = Debug|Any CPU
		{A0E9707F-1980-44AC-ABA5-039E565EB3E5}.AppStore|iPhoneSimulator.ActiveCfg = Debug|Any CPU
		{A0E9707F-1980-44AC-ABA5-039E565EB3E5}.AppStore|iPhoneSimulator.Build.0 = Debug|Any CPU
		{A0E9707F-1980-44AC-ABA5-039E565EB3E5}.AppStore|iPhoneSimulator.Deploy.0 = Debug|Any CPU
		{A0E9707F-1980-44AC-ABA5-039E565EB3E5}.Debug|Any CPU.ActiveCfg = Debug|Any CPU
		{A0E9707F-1980-44AC-ABA5-039E565EB3E5}.Debug|Any CPU.Build.0 = Debug|Any CPU
		{A0E9707F-1980-44AC-ABA5-039E565EB3E5}.Debug|Any CPU.Deploy.0 = Debug|Any CPU
		{A0E9707F-1980-44AC-ABA5-039E565EB3E5}.Debug|iPhone.ActiveCfg = Debug|Any CPU
		{A0E9707F-1980-44AC-ABA5-039E565EB3E5}.Debug|iPhone.Build.0 = Debug|Any CPU
		{A0E9707F-1980-44AC-ABA5-039E565EB3E5}.Debug|iPhone.Deploy.0 = Debug|Any CPU
		{A0E9707F-1980-44AC-ABA5-039E565EB3E5}.Debug|iPhoneSimulator.ActiveCfg = Debug|Any CPU
		{A0E9707F-1980-44AC-ABA5-039E565EB3E5}.Debug|iPhoneSimulator.Build.0 = Debug|Any CPU
		{A0E9707F-1980-44AC-ABA5-039E565EB3E5}.Debug|iPhoneSimulator.Deploy.0 = Debug|Any CPU
		{A0E9707F-1980-44AC-ABA5-039E565EB3E5}.Release|Any CPU.ActiveCfg = Release|Any CPU
		{A0E9707F-1980-44AC-ABA5-039E565EB3E5}.Release|Any CPU.Build.0 = Release|Any CPU
		{A0E9707F-1980-44AC-ABA5-039E565EB3E5}.Release|Any CPU.Deploy.0 = Release|Any CPU
		{A0E9707F-1980-44AC-ABA5-039E565EB3E5}.Release|iPhone.ActiveCfg = Release|Any CPU
		{A0E9707F-1980-44AC-ABA5-039E565EB3E5}.Release|iPhone.Build.0 = Release|Any CPU
		{A0E9707F-1980-44AC-ABA5-039E565EB3E5}.Release|iPhone.Deploy.0 = Release|Any CPU
		{A0E9707F-1980-44AC-ABA5-039E565EB3E5}.Release|iPhoneSimulator.ActiveCfg = Release|Any CPU
		{A0E9707F-1980-44AC-ABA5-039E565EB3E5}.Release|iPhoneSimulator.Build.0 = Release|Any CPU
		{A0E9707F-1980-44AC-ABA5-039E565EB3E5}.Release|iPhoneSimulator.Deploy.0 = Release|Any CPU
		{7364F9A2-4B33-42CC-A933-C46819BE46C4}.Ad-Hoc|Any CPU.ActiveCfg = Release|Any CPU
		{7364F9A2-4B33-42CC-A933-C46819BE46C4}.Ad-Hoc|Any CPU.Build.0 = Release|Any CPU
		{7364F9A2-4B33-42CC-A933-C46819BE46C4}.Ad-Hoc|iPhone.ActiveCfg = Release|Any CPU
		{7364F9A2-4B33-42CC-A933-C46819BE46C4}.Ad-Hoc|iPhone.Build.0 = Release|Any CPU
		{7364F9A2-4B33-42CC-A933-C46819BE46C4}.Ad-Hoc|iPhoneSimulator.ActiveCfg = Release|Any CPU
		{7364F9A2-4B33-42CC-A933-C46819BE46C4}.Ad-Hoc|iPhoneSimulator.Build.0 = Release|Any CPU
		{7364F9A2-4B33-42CC-A933-C46819BE46C4}.AppStore|Any CPU.ActiveCfg = Release|Any CPU
		{7364F9A2-4B33-42CC-A933-C46819BE46C4}.AppStore|Any CPU.Build.0 = Release|Any CPU
		{7364F9A2-4B33-42CC-A933-C46819BE46C4}.AppStore|iPhone.ActiveCfg = Release|Any CPU
		{7364F9A2-4B33-42CC-A933-C46819BE46C4}.AppStore|iPhone.Build.0 = Release|Any CPU
		{7364F9A2-4B33-42CC-A933-C46819BE46C4}.AppStore|iPhoneSimulator.ActiveCfg = Release|Any CPU
		{7364F9A2-4B33-42CC-A933-C46819BE46C4}.AppStore|iPhoneSimulator.Build.0 = Release|Any CPU
		{7364F9A2-4B33-42CC-A933-C46819BE46C4}.Debug|Any CPU.ActiveCfg = Debug|Any CPU
		{7364F9A2-4B33-42CC-A933-C46819BE46C4}.Debug|Any CPU.Build.0 = Debug|Any CPU
		{7364F9A2-4B33-42CC-A933-C46819BE46C4}.Debug|iPhone.ActiveCfg = Debug|Any CPU
		{7364F9A2-4B33-42CC-A933-C46819BE46C4}.Debug|iPhone.Build.0 = Debug|Any CPU
		{7364F9A2-4B33-42CC-A933-C46819BE46C4}.Debug|iPhoneSimulator.ActiveCfg = Debug|Any CPU
		{7364F9A2-4B33-42CC-A933-C46819BE46C4}.Debug|iPhoneSimulator.Build.0 = Debug|Any CPU
		{7364F9A2-4B33-42CC-A933-C46819BE46C4}.Release|Any CPU.ActiveCfg = Release|Any CPU
		{7364F9A2-4B33-42CC-A933-C46819BE46C4}.Release|Any CPU.Build.0 = Release|Any CPU
		{7364F9A2-4B33-42CC-A933-C46819BE46C4}.Release|iPhone.ActiveCfg = Release|Any CPU
		{7364F9A2-4B33-42CC-A933-C46819BE46C4}.Release|iPhone.Build.0 = Release|Any CPU
		{7364F9A2-4B33-42CC-A933-C46819BE46C4}.Release|iPhoneSimulator.ActiveCfg = Release|Any CPU
		{7364F9A2-4B33-42CC-A933-C46819BE46C4}.Release|iPhoneSimulator.Build.0 = Release|Any CPU
		{D5E1EC7A-E655-43F1-A99E-D2FBD529D065}.Ad-Hoc|Any CPU.ActiveCfg = Release|Any CPU
		{D5E1EC7A-E655-43F1-A99E-D2FBD529D065}.Ad-Hoc|Any CPU.Build.0 = Release|Any CPU
		{D5E1EC7A-E655-43F1-A99E-D2FBD529D065}.Ad-Hoc|iPhone.ActiveCfg = Release|Any CPU
		{D5E1EC7A-E655-43F1-A99E-D2FBD529D065}.Ad-Hoc|iPhone.Build.0 = Release|Any CPU
		{D5E1EC7A-E655-43F1-A99E-D2FBD529D065}.Ad-Hoc|iPhoneSimulator.ActiveCfg = Release|Any CPU
		{D5E1EC7A-E655-43F1-A99E-D2FBD529D065}.Ad-Hoc|iPhoneSimulator.Build.0 = Release|Any CPU
		{D5E1EC7A-E655-43F1-A99E-D2FBD529D065}.AppStore|Any CPU.ActiveCfg = Release|Any CPU
		{D5E1EC7A-E655-43F1-A99E-D2FBD529D065}.AppStore|Any CPU.Build.0 = Release|Any CPU
		{D5E1EC7A-E655-43F1-A99E-D2FBD529D065}.AppStore|iPhone.ActiveCfg = Release|Any CPU
		{D5E1EC7A-E655-43F1-A99E-D2FBD529D065}.AppStore|iPhone.Build.0 = Release|Any CPU
		{D5E1EC7A-E655-43F1-A99E-D2FBD529D065}.AppStore|iPhoneSimulator.ActiveCfg = Release|Any CPU
		{D5E1EC7A-E655-43F1-A99E-D2FBD529D065}.AppStore|iPhoneSimulator.Build.0 = Release|Any CPU
		{D5E1EC7A-E655-43F1-A99E-D2FBD529D065}.Debug|Any CPU.ActiveCfg = Debug|Any CPU
		{D5E1EC7A-E655-43F1-A99E-D2FBD529D065}.Debug|Any CPU.Build.0 = Debug|Any CPU
		{D5E1EC7A-E655-43F1-A99E-D2FBD529D065}.Debug|iPhone.ActiveCfg = Debug|Any CPU
		{D5E1EC7A-E655-43F1-A99E-D2FBD529D065}.Debug|iPhone.Build.0 = Debug|Any CPU
		{D5E1EC7A-E655-43F1-A99E-D2FBD529D065}.Debug|iPhoneSimulator.ActiveCfg = Debug|Any CPU
		{D5E1EC7A-E655-43F1-A99E-D2FBD529D065}.Debug|iPhoneSimulator.Build.0 = Debug|Any CPU
		{D5E1EC7A-E655-43F1-A99E-D2FBD529D065}.Release|Any CPU.ActiveCfg = Release|Any CPU
		{D5E1EC7A-E655-43F1-A99E-D2FBD529D065}.Release|Any CPU.Build.0 = Release|Any CPU
		{D5E1EC7A-E655-43F1-A99E-D2FBD529D065}.Release|iPhone.ActiveCfg = Release|Any CPU
		{D5E1EC7A-E655-43F1-A99E-D2FBD529D065}.Release|iPhone.Build.0 = Release|Any CPU
		{D5E1EC7A-E655-43F1-A99E-D2FBD529D065}.Release|iPhoneSimulator.ActiveCfg = Release|Any CPU
		{D5E1EC7A-E655-43F1-A99E-D2FBD529D065}.Release|iPhoneSimulator.Build.0 = Release|Any CPU
	EndGlobalSection
	GlobalSection(SolutionProperties) = preSolution
		HideSolutionNode = FALSE
	EndGlobalSection
	GlobalSection(ExtensibilityGlobals) = postSolution
		EnterpriseLibraryConfigurationToolBinariesPathV6 = packages\EnterpriseLibrary.Common.6.0.1304.0\lib\NET45;packages\EnterpriseLibrary.Data.6.0.1304.0\lib\NET45
		SolutionGuid = {C2250168-08E7-481A-89B9-68EDFE021FFB}
	EndGlobalSection
EndGlobal
